lockfileVersion: '9.0'

settings:
  autoInstallPeers: true
  excludeLinksFromLockfile: false

importers:

  .:
    dependencies:
      endform:
        specifier: 0.7.2
        version: 0.7.2
      endform-linux-x86:
        specifier: 0.7.1
        version: 0.7.1
    devDependencies:
      '@playwright/test':
        specifier: 1.51.1
        version: 1.51.1
      '@types/node':
        specifier: 22.13.10
        version: 22.13.10

packages:

  '@playwright/test@1.51.1':
    resolution: {integrity: sha512-nM+kEaTSAoVlXmMPH10017vn3FSiFqr/bh4fKg9vmAdMfd9SDqRZNvPSiAHADc/itWak+qPvMPZQOPwCBW7k7Q==}
    engines: {node: '>=18'}
    hasBin: true

  '@types/node@22.13.10':
    resolution: {integrity: sha512-I6LPUvlRH+O6VRUqYOcMudhaIdUVWfsjnZavnsraHvpBwaEyMN29ry+0UVJhImYL16xsscu0aske3yA+uPOWfw==}

  endform-darwin-arm64@0.7.2:
    resolution: {integrity: sha512-8jvIAZKCCkBFhevVhGasDAOjhq8ZN2+Hte2LgEBgnDTyjL6eXV4NLfZbBQF96A2ilQxrtF6cHg7dIrAOQBp2oQ==}
    cpu: [arm64]
    os: [darwin]
    hasBin: true

  endform-darwin-x86@0.7.2:
    resolution: {integrity: sha512-+4qC+t7LRrMy9XIv7ceTgUW/+XJnnQT9kDo4sdj2CQCffFyK7WjgD1CI4bWm9rT3GbAnl1HvuFXO7BS1Ue6thg==}
    cpu: [x86]
    os: [darwin]
    hasBin: true

  endform-linux-arm64@0.7.2:
    resolution: {integrity: sha512-OCpMYlh79Z+nvOuxTVvSCAGKmkXETj9AaJckwRV8WyAsI1EKzq4cIg/WpiZLLbSibtNySCNVaNO9jT3uydHgVg==}
    cpu: [arm64]
    os: [linux]
    hasBin: true

  endform-linux-x86@0.7.1:
    resolution: {integrity: sha512-AZMkPBRkDL/TgbBKreN9kMAe4MzBpJuMGi5qnGZi8ZJSva0yypByepSwUzDHgLzG9EZSppbL2/OhIwEX7hoFfQ==}
    os: [linux]
    hasBin: true

  endform-linux-x86@0.7.2:
    resolution: {integrity: sha512-kSMQ2GP2JRyFfuL26/dvkFfC0XOphlg5/O15tNDGRkD4PmVUC4gej2gWp5Cp0yEZqvQU6K2A93lVeCXhinCT4Q==}
    cpu: [x86]
    os: [linux]
    hasBin: true

  endform@0.7.2:
    resolution: {integrity: sha512-JsXll6Ec8djdtTss+NVVuI23TXBDwOpVytxCW4y5AcalytwnSp86d81Qx4L+HeuZvVpDB/wCTDZN30RM1omfkg==}
    hasBin: true

  fsevents@2.3.2:
    resolution: {integrity: sha512-xiqMQR4xAeHTuB9uWm+fFRcIOgKBMiOBP+eXiyT7jsgVCq1bkVygt00oASowB7EdtpOHaaPgKt812P9ab+DDKA==}
    engines: {node: ^8.16.0 || ^10.6.0 || >=11.0.0}
    os: [darwin]

  playwright-core@1.51.1:
    resolution: {integrity: sha512-/crRMj8+j/Nq5s8QcvegseuyeZPxpQCZb6HNk3Sos3BlZyAknRjoyJPFWkpNn8v0+P3WiwqFF8P+zQo4eqiNuw==}
    engines: {node: '>=18'}
    hasBin: true

  playwright@1.51.1:
    resolution: {integrity: sha512-kkx+MB2KQRkyxjYPc3a0wLZZoDczmppyGJIvQ43l+aZihkaVvmu/21kiyaHeHjiFxjxNNFnUncKmcGIyOojsaw==}
    engines: {node: '>=18'}
    hasBin: true

  undici-types@6.20.0:
    resolution: {integrity: sha512-Ny6QZ2Nju20vw1SRHe3d9jVu6gJ+4e3+MMpqu7pqE5HT6WsTSlce++GQmK5UXS8mzV8DSYHrQH+Xrf2jVcuKNg==}

snapshots:

  '@playwright/test@1.51.1':
    dependencies:
      playwright: 1.51.1

  '@types/node@22.13.10':
    dependencies:
      undici-types: 6.20.0

  endform-darwin-arm64@0.7.2:
    optional: true

  endform-darwin-x86@0.7.2:
    optional: true

  endform-linux-arm64@0.7.2:
    optional: true

  endform-linux-x86@0.7.1: {}

  endform-linux-x86@0.7.2:
    optional: true

  endform@0.7.2:
    optionalDependencies:
      endform-darwin-arm64: 0.7.2
      endform-darwin-x86: 0.7.2
      endform-linux-arm64: 0.7.2
      endform-linux-x86: 0.7.2

  fsevents@2.3.2:
    optional: true

  playwright-core@1.51.1: {}

  playwright@1.51.1:
    dependencies:
      playwright-core: 1.51.1
    optionalDependencies:
      fsevents: 2.3.2

  undici-types@6.20.0: {}
